
Microsoft Visual Studio Solution File, Format Version 12.00
# Visual Studio Version 17
VisualStudioVersion = 17.7.34024.191
MinimumVisualStudioVersion = 10.0.40219.1
Project("{FAE04EC0-301F-11D3-BF4B-00C04F79EFBC}") = "PerpustakaanApp", "PerpustakaanApp\PerpustakaanApp.csproj", "{7578D201-D79A-42BA-9F1E-0790F0A0E089}"
EndProject
Global
	GlobalSection(SolutionConfigurationPlatforms) = preSolution
		Debug|Any CPU = Debug|Any CPU
		Release|Any CPU = Release|Any CPU
	EndGlobalSection
	GlobalSection(ProjectConfigurationPlatforms) = postSolution
		{7578D201-D79A-42BA-9F1E-0790F0A0E089}.Debug|Any CPU.ActiveCfg = Debug|Any CPU
		{7578D201-D79A-42BA-9F1E-0790F0A0E089}.Debug|Any CPU.Build.0 = Debug|Any CPU
		{7578D201-D79A-42BA-9F1E-0790F0A0E089}.Release|Any CPU.ActiveCfg = Release|Any CPU
		{7578D201-D79A-42BA-9F1E-0790F0A0E089}.Release|Any CPU.Build.0 = Release|Any CPU
	EndGlobalSection
	GlobalSection(SolutionProperties) = preSolution
		HideSolutionNode = FALSE
	EndGlobalSection
	GlobalSection(ExtensibilityGlobals) = postSolution
		SolutionGuid = {790821BF-CAFA-4E95-96A6-ECB5AD790906}
	EndGlobalSection
EndGlobal
